
Microsoft Visual Studio Solution File, Format Version 12.00
# Visual Studio Version 17
VisualStudioVersion = 17.3.32811.315
MinimumVisualStudioVersion = 10.0.40219.1
Project("{FAE04EC0-301F-11D3-BF4B-00C04F79EFBC}") = "SENLStokTakip", "SENLStokTakip.csproj", "{C0C6CF98-8C23-4A77-B8C0-A4A6AE0A7720}"
EndProject
Global
	GlobalSection(SolutionConfigurationPlatforms) = preSolution
		Debug|Any CPU = Debug|Any CPU
		Release|Any CPU = Release|Any CPU
	EndGlobalSection
	GlobalSection(ProjectConfigurationPlatforms) = postSolution
		{C0C6CF98-8C23-4A77-B8C0-A4A6AE0A7720}.Debug|Any CPU.ActiveCfg = Debug|Any CPU
		{C0C6CF98-8C23-4A77-B8C0-A4A6AE0A7720}.Debug|Any CPU.Build.0 = Debug|Any CPU
		{C0C6CF98-8C23-4A77-B8C0-A4A6AE0A7720}.Release|Any CPU.ActiveCfg = Release|Any CPU
		{C0C6CF98-8C23-4A77-B8C0-A4A6AE0A7720}.Release|Any CPU.Build.0 = Release|Any CPU
	EndGlobalSection
	GlobalSection(SolutionProperties) = preSolution
		HideSolutionNode = FALSE
	EndGlobalSection
	GlobalSection(ExtensibilityGlobals) = postSolution
		SolutionGuid = {243F2FF9-1E37-4EC7-8B05-C45E5B561308}
	EndGlobalSection
EndGlobal
